PODS:
  - Alamofire (4.3.0)
  - Kingfisher (3.4.0)
  - MBProgressHUD (1.0.0)
  - SwiftyJSON (3.1.4)

DEPENDENCIES:
  - Alamofire
  - Kingfisher (~> 3.0)
  - MBProgressHUD (~> 1.0.0)
  - SwiftyJSON

SPEC CHECKSUMS:
  Alamofire: 856a113053a7bc9cbe5d6367a555d773fc5cfef7
  Kingfisher: 5690cfb3d1bddf3a98d679a3a34d0b7294974ed2
  MBProgressHUD: 4890f671c94e8a0f3cf959aa731e9de2f036d71a
  SwiftyJSON: c2842d878f95482ffceec5709abc3d05680c0220

PODFILE CHECKSUM: dcc010bae256eb34f5fa2aa5429f6815c2a231e7

COCOAPODS: 1.2.0
